
Microsoft Visual Studio Solution File, Format Version 12.00
# Visual Studio Version 16
VisualStudioVersion = 16.0.30907.101
MinimumVisualStudioVersion = 10.0.40219.1
Project("{FAE04EC0-301F-11D3-BF4B-00C04F79EFBC}") = "Diplom", "Diplom\Diplom.csproj", "{751B79E0-1CF6-42C7-95A0-FB7F0931AC92}"
EndProject
Global
	GlobalSection(SolutionConfigurationPlatforms) = preSolution
		Debug|Any CPU = Debug|Any CPU
		Release|Any CPU = Release|Any CPU
	EndGlobalSection
	GlobalSection(ProjectConfigurationPlatforms) = postSolution
		{751B79E0-1CF6-42C7-95A0-FB7F0931AC92}.Debug|Any CPU.ActiveCfg = Debug|Any CPU
		{751B79E0-1CF6-42C7-95A0-FB7F0931AC92}.Debug|Any CPU.Build.0 = Debug|Any CPU
		{751B79E0-1CF6-42C7-95A0-FB7F0931AC92}.Release|Any CPU.ActiveCfg = Release|Any CPU
		{751B79E0-1CF6-42C7-95A0-FB7F0931AC92}.Release|Any CPU.Build.0 = Release|Any CPU
	EndGlobalSection
	GlobalSection(SolutionProperties) = preSolution
		HideSolutionNode = FALSE
	EndGlobalSection
	GlobalSection(ExtensibilityGlobals) = postSolution
		SolutionGuid = {90417DC2-E0A8-4BBA-A96B-0FD6D2D92D6B}
	EndGlobalSection
EndGlobal
